
Microsoft Visual Studio Solution File, Format Version 12.00
# Visual Studio Version 17
VisualStudioVersion = 17.5.33516.290
MinimumVisualStudioVersion = 10.0.40219.1
Project("{FAE04EC0-301F-11D3-BF4B-00C04F79EFBC}") = "Lab02_LauMinhTam_LTWindows", "Lab02_LauMinhTam_LTWindows\Lab02_LauMinhTam_LTWindows.csproj", "{CFB1DCD2-FF29-466B-A920-ED317B5BAF4C}"
EndProject
Global
	GlobalSection(SolutionConfigurationPlatforms) = preSolution
		Debug|Any CPU = Debug|Any CPU
		Release|Any CPU = Release|Any CPU
	EndGlobalSection
	GlobalSection(ProjectConfigurationPlatforms) = postSolution
		{CFB1DCD2-FF29-466B-A920-ED317B5BAF4C}.Debug|Any CPU.ActiveCfg = Debug|Any CPU
		{CFB1DCD2-FF29-466B-A920-ED317B5BAF4C}.Debug|Any CPU.Build.0 = Debug|Any CPU
		{CFB1DCD2-FF29-466B-A920-ED317B5BAF4C}.Release|Any CPU.ActiveCfg = Release|Any CPU
		{CFB1DCD2-FF29-466B-A920-ED317B5BAF4C}.Release|Any CPU.Build.0 = Release|Any CPU
	EndGlobalSection
	GlobalSection(SolutionProperties) = preSolution
		HideSolutionNode = FALSE
	EndGlobalSection
	GlobalSection(ExtensibilityGlobals) = postSolution
		SolutionGuid = {2E61614C-B8E0-42F3-9A93-98D8008C5311}
	EndGlobalSection
EndGlobal
